// !$*UTF8*$!
{
	archiveVersion = 1;
	classes = {
	};
	objectVersion = 50;
	objects = {

/* Begin PBXBuildFile section */
		AFDD60C52127A5CC008D9E1D /* AppDelegate.swift in Sources */ = {isa = PBXBuildFile; fileRef = AFDD60C42127A5CC008D9E1D /* AppDelegate.swift */; };
		AFDD60C72127A5CC008D9E1D /* ViewController.swift in Sources */ = {isa = PBXBuildFile; fileRef = AFDD60C62127A5CC008D9E1D /* ViewController.swift */; };
		AFDD60CA2127A5CC008D9E1D /* Main.storyboard in Resources */ = {isa = PBXBuildFile; fileRef = AFDD60C82127A5CC008D9E1D /* Main.storyboard */; };
		AFDD60CD2127A5CC008D9E1D /* myFirstProduct.xcdatamodeld in Sources */ = {isa = PBXBuildFile; fileRef = AFDD60CB2127A5CC008D9E1D /* myFirstProduct.xcdatamodeld */; };
		AFDD60CF2127A5D7008D9E1D /* Assets.xcassets in Resources */ = {isa = PBXBuildFile; fileRef = AFDD60CE2127A5D7008D9E1D /* Assets.xcassets */; };
		AFDD60D22127A5D7008D9E1D /* LaunchScreen.storyboard in Resources */ = {isa = PBXBuildFile; fileRef = AFDD60D02127A5D7008D9E1D /* LaunchScreen.storyboard */; };
		AFDD60DD2127A5D8008D9E1D /* myFirstProductTests.swift in Sources */ = {isa = PBXBuildFile; fileRef = AFDD60DC2127A5D8008D9E1D /* myFirstProductTests.swift */; };
		AFDD60E82127A5D8008D9E1D /* myFirstProductUITests.swift in Sources */ = {isa = PBXBuildFile; fileRef = AFDD60E72127A5D8008D9E1D /* myFirstProductUITests.swift */; };
		AFDD60F52127C1F4008D9E1D /* AppDelegate.swift in Sources */ = {isa = PBXBuildFile; fileRef = AFDD60C42127A5CC008D9E1D /* AppDelegate.swift */; };
		AFDD60F62127C1F6008D9E1D /* AppDelegate.swift in Sources */ = {isa = PBXBuildFile; fileRef = AFDD60C42127A5CC008D9E1D /* AppDelegate.swift */; };
/* End PBXBuildFile section */

/* Begin PBXContainerItemProxy section */
		AFDD60D92127A5D8008D9E1D /* PBXContainerItemProxy */ = {
			isa = PBXContainerItemProxy;
			containerPortal = AFDD60B92127A5CC008D9E1D /* Project object */;
			proxyType = 1;
			remoteGlobalIDString = AFDD60C02127A5CC008D9E1D;
			remoteInfo = myFirstProduct;
		};
		AFDD60E42127A5D8008D9E1D /* PBXContainerItemProxy */ = {
			isa = PBXContainerItemProxy;
			containerPortal = AFDD60B92127A5CC008D9E1D /* Project object */;
			proxyType = 1;
			remoteGlobalIDString = AFDD60C02127A5CC008D9E1D;
			remoteInfo = myFirstProduct;
		};
/* End PBXContainerItemProxy section */

/* Begin PBXFileReference section */
		AFDD60C12127A5CC008D9E1D /* myFirstProduct.app */ = {isa = PBXFileReference; explicitFileType = wrapper.application; includeInIndex = 0; path = myFirstProduct.app; sourceTree = BUILT_PRODUCTS_DIR; };
		AFDD60C42127A5CC008D9E1D /* AppDelegate.swift */ = {isa = PBXFileReference; lastKnownFileType = sourcecode.swift; path = AppDelegate.swift; sourceTree = "<group>"; };
		AFDD60C62127A5CC008D9E1D /* ViewController.swift */ = {isa = PBXFileReference; lastKnownFileType = sourcecode.swift; path = ViewController.swift; sourceTree = "<group>"; };
		AFDD60C92127A5CC008D9E1D /* Base */ = {isa = PBXFileReference; lastKnownFileType = file.storyboard; name = Base; path = Base.lproj/Main.storyboard; sourceTree = "<group>"; };
		AFDD60CC2127A5CC008D9E1D /* myFirstProduct.xcdatamodel */ = {isa = PBXFileReference; lastKnownFileType = wrapper.xcdatamodel; path = myFirstProduct.xcdatamodel; sourceTree = "<group>"; };
		AFDD60CE2127A5D7008D9E1D /* Assets.xcassets */ = {isa = PBXFileReference; lastKnownFileType = folder.assetcatalog; path = Assets.xcassets; sourceTree = "<group>"; };
		AFDD60D12127A5D7008D9E1D /* Base */ = {isa = PBXFileReference; lastKnownFileType = file.storyboard; name = Base; path = Base.lproj/LaunchScreen.storyboard; sourceTree = "<group>"; };
		AFDD60D32127A5D7008D9E1D /* Info.plist */ = {isa = PBXFileReference; lastKnownFileType = text.plist.xml; path = Info.plist; sourceTree = "<group>"; };
		AFDD60D82127A5D8008D9E1D /* myFirstProductTests.xctest */ = {isa = PBXFileReference; explicitFileType = wrapper.cfbundle; includeInIndex = 0; path = myFirstProductTests.xctest; sourceTree = BUILT_PRODUCTS_DIR; };
		AFDD60DC2127A5D8008D9E1D /* myFirstProductTests.swift */ = {isa = PBXFileReference; lastKnownFileType = sourcecode.swift; path = myFirstProductTests.swift; sourceTree = "<group>"; };
		AFDD60DE2127A5D8008D9E1D /* Info.plist */ = {isa = PBXFileReference; lastKnownFileType = text.plist.xml; path = Info.plist; sourceTree = "<group>"; };
		AFDD60E32127A5D8008D9E1D /* myFirstProductUITests.xctest */ = {isa = PBXFileReference; explicitFileType = wrapper.cfbundle; includeInIndex = 0; path = myFirstProductUITests.xctest; sourceTree = BUILT_PRODUCTS_DIR; };
		AFDD60E72127A5D8008D9E1D /* myFirstProductUITests.swift */ = {isa = PBXFileReference; lastKnownFileType = sourcecode.swift; path = myFirstProductUITests.swift; sourceTree = "<group>"; };
		AFDD60E92127A5D8008D9E1D /* Info.plist */ = {isa = PBXFileReference; lastKnownFileType = text.plist.xml; path = Info.plist; sourceTree = "<group>"; };
/* End PBXFileReference section */

/* Begin PBXFrameworksBuildPhase section */
		AFDD60BE2127A5CC008D9E1D /* Frameworks */ = {
			isa = PBXFrameworksBuildPhase;
			buildActionMask = 2147483647;
			files = (
			);
			runOnlyForDeploymentPostprocessing = 0;
		};
		AFDD60D52127A5D8008D9E1D /* Frameworks */ = {
			isa = PBXFrameworksBuildPhase;
			buildActionMask = 2147483647;
			files = (
			);
			runOnlyForDeploymentPostprocessing = 0;
		};
		AFDD60E02127A5D8008D9E1D /* Frameworks */ = {
			isa = PBXFrameworksBuildPhase;
			buildActionMask = 2147483647;
			files = (
			);
			runOnlyForDeploymentPostprocessing = 0;
		};
/* End PBXFrameworksBuildPhase section */

/* Begin PBXGroup section */
		AFDD60B82127A5CC008D9E1D = {
			isa = PBXGroup;
			children = (
				AFDD60C32127A5CC008D9E1D /* myFirstProduct */,
				AFDD60DB2127A5D8008D9E1D /* myFirstProductTests */,
				AFDD60E62127A5D8008D9E1D /* myFirstProductUITests */,
				AFDD60C22127A5CC008D9E1D /* Products */,
			);
			sourceTree = "<group>";
		};
		AFDD60C22127A5CC008D9E1D /* Products */ = {
			isa = PBXGroup;
			children = (
				AFDD60C12127A5CC008D9E1D /* myFirstProduct.app */,
				AFDD60D82127A5D8008D9E1D /* myFirstProductTests.xctest */,
				AFDD60E32127A5D8008D9E1D /* myFirstProductUITests.xctest */,
			);
			name = Products;
			sourceTree = "<group>";
		};
		AFDD60C32127A5CC008D9E1D /* myFirstProduct */ = {
			isa = PBXGroup;
			children = (
				AFDD60C42127A5CC008D9E1D /* AppDelegate.swift */,
				AFDD60C62127A5CC008D9E1D /* ViewController.swift */,
				AFDD60C82127A5CC008D9E1D /* Main.storyboard */,
				AFDD60CE2127A5D7008D9E1D /* Assets.xcassets */,
				AFDD60D02127A5D7008D9E1D /* LaunchScreen.storyboard */,
				AFDD60D32127A5D7008D9E1D /* Info.plist */,
				AFDD60CB2127A5CC008D9E1D /* myFirstProduct.xcdatamodeld */,
			);
			path = myFirstProduct;
			sourceTree = "<group>";
		};
		AFDD60DB2127A5D8008D9E1D /* myFirstProductTests */ = {
			isa = PBXGroup;
			children = (
				AFDD60DC2127A5D8008D9E1D /* myFirstProductTests.swift */,
				AFDD60DE2127A5D8008D9E1D /* Info.plist */,
			);
			path = myFirstProductTests;
			sourceTree = "<group>";
		};
		AFDD60E62127A5D8008D9E1D /* myFirstProductUITests */ = {
			isa = PBXGroup;
			children = (
				AFDD60E72127A5D8008D9E1D /* myFirstProductUITests.swift */,
				AFDD60E92127A5D8008D9E1D /* Info.plist */,
			);
			path = myFirstProductUITests;
			sourceTree = "<group>";
		};
/* End PBXGroup section */

/* Begin PBXNativeTarget section */
		AFDD60C02127A5CC008D9E1D /* myFirstProduct */ = {
			isa = PBXNativeTarget;
			buildConfigurationList = AFDD60EC2127A5D8008D9E1D /* Build configuration list for PBXNativeTarget "myFirstProduct" */;
			buildPhases = (
				AFDD60BD2127A5CC008D9E1D /* Sources */,
				AFDD60BE2127A5CC008D9E1D /* Frameworks */,
				AFDD60BF2127A5CC008D9E1D /* Resources */,
			);
			buildRules = (
			);
			dependencies = (
			);
			name = myFirstProduct;
			productName = myFirstProduct;
			productReference = AFDD60C12127A5CC008D9E1D /* myFirstProduct.app */;
			productType = "com.apple.product-type.application";
		};
		AFDD60D72127A5D8008D9E1D /* myFirstProductTests */ = {
			isa = PBXNativeTarget;
			buildConfigurationList = AFDD60EF2127A5D8008D9E1D /* Build configuration list for PBXNativeTarget "myFirstProductTests" */;
			buildPhases = (
				AFDD60D42127A5D8008D9E1D /* Sources */,
				AFDD60D52127A5D8008D9E1D /* Frameworks */,
				AFDD60D62127A5D8008D9E1D /* Resources */,
			);
			buildRules = (
			);
			dependencies = (
				AFDD60DA2127A5D8008D9E1D /* PBXTargetDependency */,
			);
			name = myFirstProductTests;
			productName = myFirstProductTests;
			productReference = AFDD60D82127A5D8008D9E1D /* myFirstProductTests.xctest */;
			productType = "com.apple.product-type.bundle.unit-test";
		};
		AFDD60E22127A5D8008D9E1D /* myFirstProductUITests */ = {
			isa = PBXNativeTarget;
			buildConfigurationList = AFDD60F22127A5D8008D9E1D /* Build configuration list for PBXNativeTarget "myFirstProductUITests" */;
			buildPhases = (
				AFDD60DF2127A5D8008D9E1D /* Sources */,
				AFDD60E02127A5D8008D9E1D /* Frameworks */,
				AFDD60E12127A5D8008D9E1D /* Resources */,
			);
			buildRules = (
			);
			dependencies = (
				AFDD60E52127A5D8008D9E1D /* PBXTargetDependency */,
			);
			name = myFirstProductUITests;
			productName = myFirstProductUITests;
			productReference = AFDD60E32127A5D8008D9E1D /* myFirstProductUITests.xctest */;
			productType = "com.apple.product-type.bundle.ui-testing";
		};
/* End PBXNativeTarget section */

/* Begin PBXProject section */
		AFDD60B92127A5CC008D9E1D /* Project object */ = {
			isa = PBXProject;
			attributes = {
				LastSwiftUpdateCheck = 0940;
				LastUpgradeCheck = 0940;
				ORGANIZATIONNAME = "adithiya harish";
				TargetAttributes = {
					AFDD60C02127A5CC008D9E1D = {
						CreatedOnToolsVersion = 9.4.1;
					};
					AFDD60D72127A5D8008D9E1D = {
						CreatedOnToolsVersion = 9.4.1;
						TestTargetID = AFDD60C02127A5CC008D9E1D;
					};
					AFDD60E22127A5D8008D9E1D = {
						CreatedOnToolsVersion = 9.4.1;
						TestTargetID = AFDD60C02127A5CC008D9E1D;
					};
				};
			};
			buildConfigurationList = AFDD60BC2127A5CC008D9E1D /* Build configuration list for PBXProject "myFirstProduct" */;
			compatibilityVersion = "Xcode 9.3";
			developmentRegion = en;
			hasScannedForEncodings = 0;
			knownRegions = (
				en,
				Base,
			);
			mainGroup = AFDD60B82127A5CC008D9E1D;
			productRefGroup = AFDD60C22127A5CC008D9E1D /* Products */;
			projectDirPath = "";
			projectRoot = "";
			targets = (
				AFDD60C02127A5CC008D9E1D /* myFirstProduct */,
				AFDD60D72127A5D8008D9E1D /* myFirstProductTests */,
				AFDD60E22127A5D8008D9E1D /* myFirstProductUITests */,
			);
		};
/* End PBXProject section */

/* Begin PBXResourcesBuildPhase section */
		AFDD60BF2127A5CC008D9E1D /* Resources */ = {
			isa = PBXResourcesBuildPhase;
			buildActionMask = 2147483647;
			files = (
				AFDD60D22127A5D7008D9E1D /* LaunchScreen.storyboard in Resources */,
				AFDD60CF2127A5D7008D9E1D /* Assets.xcassets in Resources */,
				AFDD60CA2127A5CC008D9E1D /* Main.storyboard in Resources */,
			);
			runOnlyForDeploymentPostprocessing = 0;
		};
		AFDD60D62127A5D8008D9E1D /* Resources */ = {
			isa = PBXResourcesBuildPhase;
			buildActionMask = 2147483647;
			files = (
			);
			runOnlyForDeploymentPostprocessing = 0;
		};
		AFDD60E12127A5D8008D9E1D /* Resources */ = {
			isa = PBXResourcesBuildPhase;
			buildActionMask = 2147483647;
			files = (
			);
			runOnlyForDeploymentPostprocessing = 0;
		};
/* End PBXResourcesBuildPhase section */

/* Begin PBXSourcesBuildPhase section */
		AFDD60BD2127A5CC008D9E1D /* Sources */ = {
			isa = PBXSourcesBuildPhase;
			buildActionMask = 2147483647;
			files = (
				AFDD60C72127A5CC008D9E1D /* ViewController.swift in Sources */,
				AFDD60CD2127A5CC008D9E1D /* myFirstProduct.xcdatamodeld in Sources */,
				AFDD60C52127A5CC008D9E1D /* AppDelegate.swift in Sources */,
			);
			runOnlyForDeploymentPostprocessing = 0;
		};
		AFDD60D42127A5D8008D9E1D /* Sources */ = {
			isa = PBXSourcesBuildPhase;
			buildActionMask = 2147483647;
			files = (
				AFDD60F52127C1F4008D9E1D /* AppDelegate.swift in Sources */,
				AFDD60DD2127A5D8008D9E1D /* myFirstProductTests.swift in Sources */,
			);
			runOnlyForDeploymentPostprocessing = 0;
		};
		AFDD60DF2127A5D8008D9E1D /* Sources */ = {
			isa = PBXSourcesBuildPhase;
			buildActionMask = 2147483647;
			files = (
				AFDD60F62127C1F6008D9E1D /* AppDelegate.swift in Sources */,
				AFDD60E82127A5D8008D9E1D /* myFirstProductUITests.swift in Sources */,
			);
			runOnlyForDeploymentPostprocessing = 0;
		};
/* End PBXSourcesBuildPhase section */

/* Begin PBXTargetDependency section */
		AFDD60DA2127A5D8008D9E1D /* PBXTargetDependency */ = {
			isa = PBXTargetDependency;
			target = AFDD60C02127A5CC008D9E1D /* myFirstProduct */;
			targetProxy = AFDD60D92127A5D8008D9E1D /* PBXContainerItemProxy */;
		};
		AFDD60E52127A5D8008D9E1D /* PBXTargetDependency */ = {
			isa = PBXTargetDependency;
			target = AFDD60C02127A5CC008D9E1D /* myFirstProduct */;
			targetProxy = AFDD60E42127A5D8008D9E1D /* PBXContainerItemProxy */;
		};
/* End PBXTargetDependency section */

/* Begin PBXVariantGroup section */
		AFDD60C82127A5CC008D9E1D /* Main.storyboard */ = {
			isa = PBXVariantGroup;
			children = (
				AFDD60C92127A5CC008D9E1D /* Base */,
			);
			name = Main.storyboard;
			sourceTree = "<group>";
		};
		AFDD60D02127A5D7008D9E1D /* LaunchScreen.storyboard */ = {
			isa = PBXVariantGroup;
			children = (
				AFDD60D12127A5D7008D9E1D /* Base */,
			);
			name = LaunchScreen.storyboard;
			sourceTree = "<group>";
		};
/* End PBXVariantGroup section */

/* Begin XCBuildConfiguration section */
		AFDD60EA2127A5D8008D9E1D /* Debug */ = {
			isa = XCBuildConfiguration;
			buildSettings = {
				ALWAYS_SEARCH_USER_PATHS = NO;
				CLANG_ANALYZER_NONNULL = YES;
				CLANG_ANALYZER_NUMBER_OBJECT_CONVERSION = YES_AGGRESSIVE;
				CLANG_CXX_LANGUAGE_STANDARD = "gnu++14";
				CLANG_CXX_LIBRARY = "libc++";
				CLANG_ENABLE_MODULES = YES;
				CLANG_ENABLE_OBJC_ARC = YES;
				CLANG_ENABLE_OBJC_WEAK = YES;
				CLANG_WARN_BLOCK_CAPTURE_AUTORELEASING = YES;
				CLANG_WARN_BOOL_CONVERSION = YES;
				CLANG_WARN_COMMA = YES;
				CLANG_WARN_CONSTANT_CONVERSION = YES;
				CLANG_WARN_DEPRECATED_OBJC_IMPLEMENTATIONS = YES;
				CLANG_WARN_DIRECT_OBJC_ISA_USAGE = YES_ERROR;
				CLANG_WARN_DOCUMENTATION_COMMENTS = YES;
				CLANG_WARN_EMPTY_BODY = YES;
				CLANG_WARN_ENUM_CONVERSION = YES;
				CLANG_WARN_INFINITE_RECURSION = YES;
				CLANG_WARN_INT_CONVERSION = YES;
				CLANG_WARN_NON_LITERAL_NULL_CONVERSION = YES;
				CLANG_WARN_OBJC_IMPLICIT_RETAIN_SELF = YES;
				CLANG_WARN_OBJC_LITERAL_CONVERSION = YES;
				CLANG_WARN_OBJC_ROOT_CLASS = YES_ERROR;
				CLANG_WARN_RANGE_LOOP_ANALYSIS = YES;
				CLANG_WARN_STRICT_PROTOTYPES = YES;
				CLANG_WARN_SUSPICIOUS_MOVE = YES;
				CLANG_WARN_UNGUARDED_AVAILABILITY = YES_AGGRESSIVE;
				CLANG_WARN_UNREACHABLE_CODE = YES;
				CLANG_WARN__DUPLICATE_METHOD_MATCH = YES;
				CODE_SIGN_IDENTITY = "iPhone Developer";
				COPY_PHASE_STRIP = NO;
				DEBUG_INFORMATION_FORMAT = dwarf;
				ENABLE_STRICT_OBJC_MSGSEND = YES;
				ENABLE_TESTABILITY = YES;
				GCC_C_LANGUAGE_STANDARD = gnu11;
				GCC_DYNAMIC_NO_PIC = NO;
				GCC_NO_COMMON_BLOCKS = YES;
				GCC_OPTIMIZATION_LEVEL = 0;
				GCC_PREPROCESSOR_DEFINITIONS = (
					"DEBUG=1",
					"$(inherited)",
				);
				GCC_WARN_64_TO_32_BIT_CONVERSION = YES;
				GCC_WARN_ABOUT_RETURN_TYPE = YES_ERROR;
				GCC_WARN_UNDECLARED_SELECTOR = YES;
				GCC_WARN_UNINITIALIZED_AUTOS = YES_AGGRESSIVE;
				GCC_WARN_UNUSED_FUNCTION = YES;
				GCC_WARN_UNUSED_VARIABLE = YES;
				IPHONEOS_DEPLOYMENT_TARGET = 11.4;
				MTL_ENABLE_DEBUG_INFO = YES;
				ONLY_ACTIVE_ARCH = YES;
				SDKROOT = iphoneos;
				SWIFT_ACTIVE_COMPILATION_CONDITIONS = DEBUG;
				SWIFT_OPTIMIZATION_LEVEL = "-Onone";
			};
			name = Debug;
		};
		AFDD60EB2127A5D8008D9E1D /* Release */ = {
			isa = XCBuildConfiguration;
			buildSettings = {
				ALWAYS_SEARCH_USER_PATHS = NO;
				CLANG_ANALYZER_NONNULL = YES;
				CLANG_ANALYZER_NUMBER_OBJECT_CONVERSION = YES_AGGRESSIVE;
				CLANG_CXX_LANGUAGE_STANDARD = "gnu++14";
				CLANG_CXX_LIBRARY = "libc++";
				CLANG_ENABLE_MODULES = YES;
				CLANG_ENABLE_OBJC_ARC = YES;
				CLANG_ENABLE_OBJC_WEAK = YES;
				CLANG_WARN_BLOCK_CAPTURE_AUTORELEASING = YES;
				CLANG_WARN_BOOL_CONVERSION = YES;
				CLANG_WARN_COMMA = YES;
				CLANG_WARN_CONSTANT_CONVERSION = YES;
				CLANG_WARN_DEPRECATED_OBJC_IMPLEMENTATIONS = YES;
				CLANG_WARN_DIRECT_OBJC_ISA_USAGE = YES_ERROR;
				CLANG_WARN_DOCUMENTATION_COMMENTS = YES;
				CLANG_WARN_EMPTY_BODY = YES;
				CLANG_WARN_ENUM_CONVERSION = YES;
				CLANG_WARN_INFINITE_RECURSION = YES;
				CLANG_WARN_INT_CONVERSION = YES;
				CLANG_WARN_NON_LITERAL_NULL_CONVERSION = YES;
				CLANG_WARN_OBJC_IMPLICIT_RETAIN_SELF = YES;
				CLANG_WARN_OBJC_LITERAL_CONVERSION = YES;
				CLANG_WARN_OBJC_ROOT_CLASS = YES_ERROR;
				CLANG_WARN_RANGE_LOOP_ANALYSIS = YES;
				CLANG_WARN_STRICT_PROTOTYPES = YES;
				CLANG_WARN_SUSPICIOUS_MOVE = YES;
				CLANG_WARN_UNGUARDED_AVAILABILITY = YES_AGGRESSIVE;
				CLANG_WARN_UNREACHABLE_CODE = YES;
				CLANG_WARN__DUPLICATE_METHOD_MATCH = YES;
				CODE_SIGN_IDENTITY = "iPhone Developer";
				COPY_PHASE_STRIP = NO;
				DEBUG_INFORMATION_FORMAT = "dwarf-with-dsym";
				ENABLE_NS_ASSERTIONS = NO;
				ENABLE_STRICT_OBJC_MSGSEND = YES;
				GCC_C_LANGUAGE_STANDARD = gnu11;
				GCC_NO_COMMON_BLOCKS = YES;
				GCC_WARN_64_TO_32_BIT_CONVERSION = YES;
				GCC_WARN_ABOUT_RETURN_TYPE = YES_ERROR;
				GCC_WARN_UNDECLARED_SELECTOR = YES;
				GCC_WARN_UNINITIALIZED_AUTOS = YES_AGGRESSIVE;
				GCC_WARN_UNUSED_FUNCTION = YES;
				GCC_WARN_UNUSED_VARIABLE = YES;
				IPHONEOS_DEPLOYMENT_TARGET = 11.4;
				MTL_ENABLE_DEBUG_INFO = NO;
				SDKROOT = iphoneos;
				SWIFT_COMPILATION_MODE = wholemodule;
				SWIFT_OPTIMIZATION_LEVEL = "-O";
				VALIDATE_PRODUCT = YES;
			};
			name = Release;
		};
		AFDD60ED2127A5D8008D9E1D /* Debug */ = {
			isa = XCBuildConfiguration;
			buildSettings = {
				ASSETCATALOG_COMPILER_APPICON_NAME = AppIcon;
				CODE_SIGN_STYLE = Automatic;
				DEVELOPMENT_TEAM = 22PU95U642;
				INFOPLIST_FILE = myFirstProduct/Info.plist;
				LD_RUNPATH_SEARCH_PATHS = (
					"$(inherited)",
					"@executable_path/Frameworks",
				);
				PRODUCT_BUNDLE_IDENTIFIER = mediacreche.myFirstProduct;
				PRODUCT_NAME = "$(TARGET_NAME)";
				SWIFT_VERSION = 4.0;
				TARGETED_DEVICE_FAMILY = "1,2";
			};
			name = Debug;
		};
		AFDD60EE2127A5D8008D9E1D /* Release */ = {
			isa = XCBuildConfiguration;
			buildSettings = {
				ASSETCATALOG_COMPILER_APPICON_NAME = AppIcon;
				CODE_SIGN_STYLE = Automatic;
				DEVELOPMENT_TEAM = 22PU95U642;
				INFOPLIST_FILE = myFirstProduct/Info.plist;
				LD_RUNPATH_SEARCH_PATHS = (
					"$(inherited)",
					"@executable_path/Frameworks",
				);
				PRODUCT_BUNDLE_IDENTIFIER = mediacreche.myFirstProduct;
				PRODUCT_NAME = "$(TARGET_NAME)";
				SWIFT_VERSION = 4.0;
				TARGETED_DEVICE_FAMILY = "1,2";
			};
			name = Release;
		};
		AFDD60F02127A5D8008D9E1D /* Debug */ = {
			isa = XCBuildConfiguration;
			buildSettings = {
				ALWAYS_EMBED_SWIFT_STANDARD_LIBRARIES = YES;
				BUNDLE_LOADER = "$(TEST_HOST)";
				CODE_SIGN_STYLE = Automatic;
				DEVELOPMENT_TEAM = 22PU95U642;
				INFOPLIST_FILE = myFirstProductTests/Info.plist;
				LD_RUNPATH_SEARCH_PATHS = (
					"$(inherited)",
					"@executable_path/Frameworks",
					"@loader_path/Frameworks",
				);
				PRODUCT_BUNDLE_IDENTIFIER = mediacreche.myFirstProductTests;
				PRODUCT_NAME = "$(TARGET_NAME)";
				SWIFT_VERSION = 4.0;
				TARGETED_DEVICE_FAMILY = "1,2";
				TEST_HOST = "$(BUILT_PRODUCTS_DIR)/myFirstProduct.app/myFirstProduct";
			};
			name = Debug;
		};
		AFDD60F12127A5D8008D9E1D /* Release */ = {
			isa = XCBuildConfiguration;
			buildSettings = {
				ALWAYS_EMBED_SWIFT_STANDARD_LIBRARIES = YES;
				BUNDLE_LOADER = "$(TEST_HOST)";
				CODE_SIGN_STYLE = Automatic;
				DEVELOPMENT_TEAM = 22PU95U642;
				INFOPLIST_FILE = myFirstProductTests/Info.plist;
				LD_RUNPATH_SEARCH_PATHS = (
					"$(inherited)",
					"@executable_path/Frameworks",
					"@loader_path/Frameworks",
				);
				PRODUCT_BUNDLE_IDENTIFIER = mediacreche.myFirstProductTests;
				PRODUCT_NAME = "$(TARGET_NAME)";
				SWIFT_VERSION = 4.0;
				TARGETED_DEVICE_FAMILY = "1,2";
				TEST_HOST = "$(BUILT_PRODUCTS_DIR)/myFirstProduct.app/myFirstProduct";
			};
			name = Release;
		};
		AFDD60F32127A5D8008D9E1D /* Debug */ = {
			isa = XCBuildConfiguration;
			buildSettings = {
				ALWAYS_EMBED_SWIFT_STANDARD_LIBRARIES = YES;
				CODE_SIGN_STYLE = Automatic;
				DEVELOPMENT_TEAM = 22PU95U642;
				INFOPLIST_FILE = myFirstProductUITests/Info.plist;
				LD_RUNPATH_SEARCH_PATHS = (
					"$(inherited)",
					"@executable_path/Frameworks",
					"@loader_path/Frameworks",
				);
				PRODUCT_BUNDLE_IDENTIFIER = mediacreche.myFirstProductUITests;
				PRODUCT_NAME = "$(TARGET_NAME)";
				SWIFT_VERSION = 4.0;
				TARGETED_DEVICE_FAMILY = "1,2";
				TEST_TARGET_NAME = myFirstProduct;
			};
			name = Debug;
		};
		AFDD60F42127A5D8008D9E1D /* Release */ = {
			isa = XCBuildConfiguration;
			buildSettings = {
				ALWAYS_EMBED_SWIFT_STANDARD_LIBRARIES = YES;
				CODE_SIGN_STYLE = Automatic;
				DEVELOPMENT_TEAM = 22PU95U642;
				INFOPLIST_FILE = myFirstProductUITests/Info.plist;
				LD_RUNPATH_SEARCH_PATHS = (
					"$(inherited)",
					"@executable_path/Frameworks",
					"@loader_path/Frameworks",
				);
				PRODUCT_BUNDLE_IDENTIFIER = mediacreche.myFirstProductUITests;
				PRODUCT_NAME = "$(TARGET_NAME)";
				SWIFT_VERSION = 4.0;
				TARGETED_DEVICE_FAMILY = "1,2";
				TEST_TARGET_NAME = myFirstProduct;
			};
			name = Release;
		};
/* End XCBuildConfiguration section */

/* Begin XCConfigurationList section */
		AFDD60BC2127A5CC008D9E1D /* Build configuration list for PBXProject "myFirstProduct" */ = {
			isa = XCConfigurationList;
			buildConfigurations = (
				AFDD60EA2127A5D8008D9E1D /* Debug */,
				AFDD60EB2127A5D8008D9E1D /* Release */,
			);
			defaultConfigurationIsVisible = 0;
			defaultConfigurationName = Release;
		};
		AFDD60EC2127A5D8008D9E1D /* Build configuration list for PBXNativeTarget "myFirstProduct" */ = {
			isa = XCConfigurationList;
			buildConfigurations = (
				AFDD60ED2127A5D8008D9E1D /* Debug */,
				AFDD60EE2127A5D8008D9E1D /* Release */,
			);
			defaultConfigurationIsVisible = 0;
			defaultConfigurationName = Release;
		};
		AFDD60EF2127A5D8008D9E1D /* Build configuration list for PBXNativeTarget "myFirstProductTests" */ = {
			isa = XCConfigurationList;
			buildConfigurations = (
				AFDD60F02127A5D8008D9E1D /* Debug */,
				AFDD60F12127A5D8008D9E1D /* Release */,
			);
			defaultConfigurationIsVisible = 0;
			defaultConfigurationName = Release;
		};
		AFDD60F22127A5D8008D9E1D /* Build configuration list for PBXNativeTarget "myFirstProductUITests" */ = {
			isa = XCConfigurationList;
			buildConfigurations = (
				AFDD60F32127A5D8008D9E1D /* Debug */,
				AFDD60F42127A5D8008D9E1D /* Release */,
			);
			defaultConfigurationIsVisible = 0;
			defaultConfigurationName = Release;
		};
/* End XCConfigurationList section */

/* Begin XCVersionGroup section */
		AFDD60CB2127A5CC008D9E1D /* myFirstProduct.xcdatamodeld */ = {
			isa = XCVersionGroup;
			children = (
				AFDD60CC2127A5CC008D9E1D /* myFirstProduct.xcdatamodel */,
			);
			currentVersion = AFDD60CC2127A5CC008D9E1D /* myFirstProduct.xcdatamodel */;
			path = myFirstProduct.xcdatamodeld;
			sourceTree = "<group>";
			versionGroupType = wrapper.xcdatamodel;
		};
/* End XCVersionGroup section */
	};
	rootObject = AFDD60B92127A5CC008D9E1D /* Project object */;
}
